{
  "version": 4,
  "terraform_version": "1.4.4",
  "serial": 15,
  "lineage": "afa33143-4792-6f5a-e1c9-78a0b89b4a84",
  "outputs": {},
  "resources": [
    {
      "mode": "managed",
      "type": "azurerm_lb",
      "name": "main",
      "provider": "provider[\"registry.terraform.io/hashicorp/azurerm\"]",
      "instances": [
        {
          "schema_version": 0,
          "attributes": {
            "edge_zone": "",
            "frontend_ip_configuration": [
              {
                "gateway_load_balancer_frontend_ip_configuration_id": "",
                "id": "/subscriptions/0a18c62f-d3bc-43d1-8baf-18c6dbdb4e2a/resourceGroups/Azuredevops/providers/Microsoft.Network/loadBalancers/udacity-load-balancer/frontendIPConfigurations/udacity-frontend-ip",
                "inbound_nat_rules": [],
                "load_balancer_rules": [],
                "name": "udacity-frontend-ip",
                "outbound_rules": [],
                "private_ip_address": "",
                "private_ip_address_allocation": "Dynamic",
                "private_ip_address_version": "",
                "public_ip_address_id": "/subscriptions/0a18c62f-d3bc-43d1-8baf-18c6dbdb4e2a/resourceGroups/Azuredevops/providers/Microsoft.Network/publicIPAddresses/udacity-public-ip",
                "public_ip_prefix_id": "",
                "subnet_id": "",
                "zones": null
              }
            ],
            "id": "/subscriptions/0a18c62f-d3bc-43d1-8baf-18c6dbdb4e2a/resourceGroups/Azuredevops/providers/Microsoft.Network/loadBalancers/udacity-load-balancer",
            "location": "australiaeast",
            "name": "udacity-load-balancer",
            "private_ip_address": "",
            "private_ip_addresses": [],
            "resource_group_name": "Azuredevops",
            "sku": "Basic",
            "sku_tier": "Regional",
            "tags": {
              "Name": "tagging-policy"
            },
            "timeouts": null
          },
          "sensitive_attributes": [],
          "private": "eyJlMmJmYjczMC1lY2FhLTExZTYtOGY4OC0zNDM2M2JjN2M0YzAiOnsiY3JlYXRlIjoxODAwMDAwMDAwMDAwLCJkZWxldGUiOjE4MDAwMDAwMDAwMDAsInJlYWQiOjMwMDAwMDAwMDAwMCwidXBkYXRlIjoxODAwMDAwMDAwMDAwfX0=",
          "dependencies": [
            "azurerm_public_ip.main"
          ]
        }
      ]
    },
    {
      "mode": "managed",
      "type": "azurerm_lb_backend_address_pool",
      "name": "main",
      "provider": "provider[\"registry.terraform.io/hashicorp/azurerm\"]",
      "instances": [
        {
          "schema_version": 0,
          "attributes": {
            "backend_ip_configurations": [],
            "id": "/subscriptions/0a18c62f-d3bc-43d1-8baf-18c6dbdb4e2a/resourceGroups/Azuredevops/providers/Microsoft.Network/loadBalancers/udacity-load-balancer/backendAddressPools/udacity-backend-address-pool",
            "inbound_nat_rules": [],
            "load_balancing_rules": [],
            "loadbalancer_id": "/subscriptions/0a18c62f-d3bc-43d1-8baf-18c6dbdb4e2a/resourceGroups/Azuredevops/providers/Microsoft.Network/loadBalancers/udacity-load-balancer",
            "name": "udacity-backend-address-pool",
            "outbound_rules": [],
            "timeouts": null,
            "tunnel_interface": [],
            "virtual_network_id": ""
          },
          "sensitive_attributes": [],
          "private": "eyJlMmJmYjczMC1lY2FhLTExZTYtOGY4OC0zNDM2M2JjN2M0YzAiOnsiY3JlYXRlIjoxODAwMDAwMDAwMDAwLCJkZWxldGUiOjE4MDAwMDAwMDAwMDAsInJlYWQiOjMwMDAwMDAwMDAwMCwidXBkYXRlIjoxODAwMDAwMDAwMDAwfX0=",
          "dependencies": [
            "azurerm_lb.main",
            "azurerm_public_ip.main"
          ]
        }
      ]
    },
    {
      "mode": "managed",
      "type": "azurerm_lb_rule",
      "name": "main",
      "provider": "provider[\"registry.terraform.io/hashicorp/azurerm\"]",
      "instances": [
        {
          "schema_version": 0,
          "attributes": {
            "backend_address_pool_ids": [
              "/subscriptions/0a18c62f-d3bc-43d1-8baf-18c6dbdb4e2a/resourceGroups/Azuredevops/providers/Microsoft.Network/loadBalancers/udacity-load-balancer/backendAddressPools/udacity-backend-address-pool"
            ],
            "backend_port": 80,
            "disable_outbound_snat": false,
            "enable_floating_ip": false,
            "enable_tcp_reset": false,
            "frontend_ip_configuration_id": "/subscriptions/0a18c62f-d3bc-43d1-8baf-18c6dbdb4e2a/resourceGroups/Azuredevops/providers/Microsoft.Network/loadBalancers/udacity-load-balancer/frontendIPConfigurations/udacity-frontend-ip",
            "frontend_ip_configuration_name": "udacity-frontend-ip",
            "frontend_port": 8080,
            "id": "/subscriptions/0a18c62f-d3bc-43d1-8baf-18c6dbdb4e2a/resourceGroups/Azuredevops/providers/Microsoft.Network/loadBalancers/udacity-load-balancer/loadBalancingRules/udacity-load-balancer-rule",
            "idle_timeout_in_minutes": 4,
            "load_distribution": "Default",
            "loadbalancer_id": "/subscriptions/0a18c62f-d3bc-43d1-8baf-18c6dbdb4e2a/resourceGroups/Azuredevops/providers/Microsoft.Network/loadBalancers/udacity-load-balancer",
            "name": "udacity-load-balancer-rule",
            "probe_id": "",
            "protocol": "Tcp",
            "timeouts": null
          },
          "sensitive_attributes": [],
          "private": "eyJlMmJmYjczMC1lY2FhLTExZTYtOGY4OC0zNDM2M2JjN2M0YzAiOnsiY3JlYXRlIjoxODAwMDAwMDAwMDAwLCJkZWxldGUiOjE4MDAwMDAwMDAwMDAsInJlYWQiOjMwMDAwMDAwMDAwMCwidXBkYXRlIjoxODAwMDAwMDAwMDAwfX0=",
          "dependencies": [
            "azurerm_lb.main",
            "azurerm_lb_backend_address_pool.main",
            "azurerm_public_ip.main"
          ]
        }
      ]
    },
    {
      "mode": "managed",
      "type": "azurerm_linux_virtual_machine",
      "name": "main",
      "provider": "provider[\"registry.terraform.io/hashicorp/azurerm\"]",
      "instances": [
        {
          "index_key": 0,
          "schema_version": 0,
          "attributes": {
            "additional_capabilities": [],
            "admin_password": "Password123$$$",
            "admin_ssh_key": [],
            "admin_username": "username",
            "allow_extension_operations": true,
            "availability_set_id": "",
            "boot_diagnostics": [],
            "capacity_reservation_group_id": "",
            "computer_name": "udacity-vm-uat",
            "custom_data": null,
            "dedicated_host_group_id": "",
            "dedicated_host_id": "",
            "disable_password_authentication": false,
            "edge_zone": "",
            "encryption_at_host_enabled": false,
            "eviction_policy": "",
            "extensions_time_budget": "PT1H30M",
            "gallery_application": [],
            "id": "/subscriptions/0a18c62f-d3bc-43d1-8baf-18c6dbdb4e2a/resourceGroups/Azuredevops/providers/Microsoft.Compute/virtualMachines/udacity-vm-uat",
            "identity": [],
            "license_type": "",
            "location": "australiaeast",
            "max_bid_price": -1,
            "name": "udacity-vm-uat",
            "network_interface_ids": [
              "/subscriptions/0a18c62f-d3bc-43d1-8baf-18c6dbdb4e2a/resourceGroups/Azuredevops/providers/Microsoft.Network/networkInterfaces/udacity-network_interface-uat"
            ],
            "os_disk": [
              {
                "caching": "ReadWrite",
                "diff_disk_settings": [],
                "disk_encryption_set_id": "",
                "disk_size_gb": 30,
                "name": "udacity-vm-uat_OsDisk_1_8c33ab158c43443fa8db2faf4544cdf7",
                "secure_vm_disk_encryption_set_id": "",
                "security_encryption_type": "",
                "storage_account_type": "Standard_LRS",
                "write_accelerator_enabled": false
              }
            ],
            "patch_assessment_mode": "ImageDefault",
            "patch_mode": "ImageDefault",
            "plan": [],
            "platform_fault_domain": -1,
            "priority": "Regular",
            "private_ip_address": "10.0.2.4",
            "private_ip_addresses": [
              "10.0.2.4"
            ],
            "provision_vm_agent": true,
            "proximity_placement_group_id": "",
            "public_ip_address": "",
            "public_ip_addresses": [],
            "resource_group_name": "Azuredevops",
            "secret": [],
            "secure_boot_enabled": false,
            "size": "Standard_D2s_v3",
            "source_image_id": "",
            "source_image_reference": [
              {
                "offer": "UbuntuServer",
                "publisher": "Canonical",
                "sku": "18.04-LTS",
                "version": "latest"
              }
            ],
            "tags": {
              "Name": "tagging-policy"
            },
            "termination_notification": null,
            "timeouts": null,
            "user_data": "",
            "virtual_machine_id": "c0680f7c-329f-4060-8882-b6e07698f173",
            "virtual_machine_scale_set_id": "",
            "vtpm_enabled": false,
            "zone": ""
          },
          "sensitive_attributes": [],
          "private": "eyJlMmJmYjczMC1lY2FhLTExZTYtOGY4OC0zNDM2M2JjN2M0YzAiOnsiY3JlYXRlIjoyNzAwMDAwMDAwMDAwLCJkZWxldGUiOjI3MDAwMDAwMDAwMDAsInJlYWQiOjMwMDAwMDAwMDAwMCwidXBkYXRlIjoyNzAwMDAwMDAwMDAwfX0=",
          "dependencies": [
            "azurerm_network_interface.main",
            "azurerm_subnet.main",
            "azurerm_virtual_network.main"
          ]
        }
      ]
    },
    {
      "mode": "managed",
      "type": "azurerm_network_interface",
      "name": "main",
      "provider": "provider[\"registry.terraform.io/hashicorp/azurerm\"]",
      "instances": [
        {
          "index_key": 0,
          "schema_version": 0,
          "attributes": {
            "applied_dns_servers": [],
            "dns_servers": [],
            "edge_zone": "",
            "enable_accelerated_networking": false,
            "enable_ip_forwarding": false,
            "id": "/subscriptions/0a18c62f-d3bc-43d1-8baf-18c6dbdb4e2a/resourceGroups/Azuredevops/providers/Microsoft.Network/networkInterfaces/udacity-network_interface-uat",
            "internal_dns_name_label": "",
            "internal_domain_name_suffix": "gg4phyrwxbfutfaox1atqfugxa.px.internal.cloudapp.net",
            "ip_configuration": [
              {
                "gateway_load_balancer_frontend_ip_configuration_id": "",
                "name": "main",
                "primary": true,
                "private_ip_address": "10.0.2.4",
                "private_ip_address_allocation": "Dynamic",
                "private_ip_address_version": "IPv4",
                "public_ip_address_id": "",
                "subnet_id": "/subscriptions/0a18c62f-d3bc-43d1-8baf-18c6dbdb4e2a/resourceGroups/Azuredevops/providers/Microsoft.Network/virtualNetworks/udacity-network/subnets/udacity-subnet"
              }
            ],
            "location": "australiaeast",
            "mac_address": "",
            "name": "udacity-network_interface-uat",
            "private_ip_address": "10.0.2.4",
            "private_ip_addresses": [
              "10.0.2.4"
            ],
            "resource_group_name": "Azuredevops",
            "tags": {
              "Name": "tagging-policy"
            },
            "timeouts": null,
            "virtual_machine_id": ""
          },
          "sensitive_attributes": [],
          "private": "eyJlMmJmYjczMC1lY2FhLTExZTYtOGY4OC0zNDM2M2JjN2M0YzAiOnsiY3JlYXRlIjoxODAwMDAwMDAwMDAwLCJkZWxldGUiOjE4MDAwMDAwMDAwMDAsInJlYWQiOjMwMDAwMDAwMDAwMCwidXBkYXRlIjoxODAwMDAwMDAwMDAwfX0=",
          "dependencies": [
            "azurerm_subnet.main",
            "azurerm_virtual_network.main"
          ]
        },
        {
          "index_key": 1,
          "schema_version": 0,
          "attributes": {
            "applied_dns_servers": [],
            "dns_servers": [],
            "edge_zone": "",
            "enable_accelerated_networking": false,
            "enable_ip_forwarding": false,
            "id": "/subscriptions/0a18c62f-d3bc-43d1-8baf-18c6dbdb4e2a/resourceGroups/Azuredevops/providers/Microsoft.Network/networkInterfaces/udacity-network_interface-int",
            "internal_dns_name_label": "",
            "internal_domain_name_suffix": "gg4phyrwxbfutfaox1atqfugxa.px.internal.cloudapp.net",
            "ip_configuration": [
              {
                "gateway_load_balancer_frontend_ip_configuration_id": "",
                "name": "main",
                "primary": true,
                "private_ip_address": "10.0.2.5",
                "private_ip_address_allocation": "Dynamic",
                "private_ip_address_version": "IPv4",
                "public_ip_address_id": "",
                "subnet_id": "/subscriptions/0a18c62f-d3bc-43d1-8baf-18c6dbdb4e2a/resourceGroups/Azuredevops/providers/Microsoft.Network/virtualNetworks/udacity-network/subnets/udacity-subnet"
              }
            ],
            "location": "australiaeast",
            "mac_address": "",
            "name": "udacity-network_interface-int",
            "private_ip_address": "10.0.2.5",
            "private_ip_addresses": [
              "10.0.2.5"
            ],
            "resource_group_name": "Azuredevops",
            "tags": {
              "Name": "tagging-policy"
            },
            "timeouts": null,
            "virtual_machine_id": ""
          },
          "sensitive_attributes": [],
          "private": "eyJlMmJmYjczMC1lY2FhLTExZTYtOGY4OC0zNDM2M2JjN2M0YzAiOnsiY3JlYXRlIjoxODAwMDAwMDAwMDAwLCJkZWxldGUiOjE4MDAwMDAwMDAwMDAsInJlYWQiOjMwMDAwMDAwMDAwMCwidXBkYXRlIjoxODAwMDAwMDAwMDAwfX0=",
          "dependencies": [
            "azurerm_subnet.main",
            "azurerm_virtual_network.main"
          ]
        }
      ]
    },
    {
      "mode": "managed",
      "type": "azurerm_network_interface_backend_address_pool_association",
      "name": "main",
      "provider": "provider[\"registry.terraform.io/hashicorp/azurerm\"]",
      "instances": [
        {
          "index_key": 0,
          "schema_version": 0,
          "attributes": {
            "backend_address_pool_id": "/subscriptions/0a18c62f-d3bc-43d1-8baf-18c6dbdb4e2a/resourceGroups/Azuredevops/providers/Microsoft.Network/loadBalancers/udacity-load-balancer/backendAddressPools/udacity-backend-address-pool",
            "id": "/subscriptions/0a18c62f-d3bc-43d1-8baf-18c6dbdb4e2a/resourceGroups/Azuredevops/providers/Microsoft.Network/networkInterfaces/udacity-network_interface-uat/ipConfigurations/main|/subscriptions/0a18c62f-d3bc-43d1-8baf-18c6dbdb4e2a/resourceGroups/Azuredevops/providers/Microsoft.Network/loadBalancers/udacity-load-balancer/backendAddressPools/udacity-backend-address-pool",
            "ip_configuration_name": "main",
            "network_interface_id": "/subscriptions/0a18c62f-d3bc-43d1-8baf-18c6dbdb4e2a/resourceGroups/Azuredevops/providers/Microsoft.Network/networkInterfaces/udacity-network_interface-uat",
            "timeouts": null
          },
          "sensitive_attributes": [],
          "private": "eyJlMmJmYjczMC1lY2FhLTExZTYtOGY4OC0zNDM2M2JjN2M0YzAiOnsiY3JlYXRlIjoxODAwMDAwMDAwMDAwLCJkZWxldGUiOjE4MDAwMDAwMDAwMDAsInJlYWQiOjMwMDAwMDAwMDAwMCwidXBkYXRlIjoxODAwMDAwMDAwMDAwfX0=",
          "dependencies": [
            "azurerm_lb.main",
            "azurerm_lb_backend_address_pool.main",
            "azurerm_network_interface.main",
            "azurerm_public_ip.main",
            "azurerm_subnet.main",
            "azurerm_virtual_network.main"
          ]
        },
        {
          "index_key": 1,
          "schema_version": 0,
          "attributes": {
            "backend_address_pool_id": "/subscriptions/0a18c62f-d3bc-43d1-8baf-18c6dbdb4e2a/resourceGroups/Azuredevops/providers/Microsoft.Network/loadBalancers/udacity-load-balancer/backendAddressPools/udacity-backend-address-pool",
            "id": "/subscriptions/0a18c62f-d3bc-43d1-8baf-18c6dbdb4e2a/resourceGroups/Azuredevops/providers/Microsoft.Network/networkInterfaces/udacity-network_interface-int/ipConfigurations/main|/subscriptions/0a18c62f-d3bc-43d1-8baf-18c6dbdb4e2a/resourceGroups/Azuredevops/providers/Microsoft.Network/loadBalancers/udacity-load-balancer/backendAddressPools/udacity-backend-address-pool",
            "ip_configuration_name": "main",
            "network_interface_id": "/subscriptions/0a18c62f-d3bc-43d1-8baf-18c6dbdb4e2a/resourceGroups/Azuredevops/providers/Microsoft.Network/networkInterfaces/udacity-network_interface-int",
            "timeouts": null
          },
          "sensitive_attributes": [],
          "private": "eyJlMmJmYjczMC1lY2FhLTExZTYtOGY4OC0zNDM2M2JjN2M0YzAiOnsiY3JlYXRlIjoxODAwMDAwMDAwMDAwLCJkZWxldGUiOjE4MDAwMDAwMDAwMDAsInJlYWQiOjMwMDAwMDAwMDAwMCwidXBkYXRlIjoxODAwMDAwMDAwMDAwfX0=",
          "dependencies": [
            "azurerm_lb.main",
            "azurerm_lb_backend_address_pool.main",
            "azurerm_network_interface.main",
            "azurerm_public_ip.main",
            "azurerm_subnet.main",
            "azurerm_virtual_network.main"
          ]
        }
      ]
    },
    {
      "mode": "managed",
      "type": "azurerm_network_security_group",
      "name": "main",
      "provider": "provider[\"registry.terraform.io/hashicorp/azurerm\"]",
      "instances": [
        {
          "schema_version": 0,
          "attributes": {
            "id": "/subscriptions/0a18c62f-d3bc-43d1-8baf-18c6dbdb4e2a/resourceGroups/Azuredevops/providers/Microsoft.Network/networkSecurityGroups/udacity-security-group",
            "location": "australiaeast",
            "name": "udacity-security-group",
            "resource_group_name": "Azuredevops",
            "security_rule": [
              {
                "access": "Allow",
                "description": "",
                "destination_address_prefix": "*",
                "destination_address_prefixes": [],
                "destination_application_security_group_ids": [],
                "destination_port_range": "*",
                "destination_port_ranges": [],
                "direction": "Inbound",
                "name": "udacity-allow-inbound-subnet",
                "priority": 1001,
                "protocol": "*",
                "source_address_prefix": "*",
                "source_address_prefixes": [],
                "source_application_security_group_ids": [],
                "source_port_range": "*",
                "source_port_ranges": []
              },
              {
                "access": "Allow",
                "description": "",
                "destination_address_prefix": "*",
                "destination_address_prefixes": [],
                "destination_application_security_group_ids": [],
                "destination_port_range": "*",
                "destination_port_ranges": [],
                "direction": "Outbound",
                "name": "udacity-allow-outbound-subnet",
                "priority": 1000,
                "protocol": "*",
                "source_address_prefix": "*",
                "source_address_prefixes": [],
                "source_application_security_group_ids": [],
                "source_port_range": "*",
                "source_port_ranges": []
              },
              {
                "access": "Deny",
                "description": "",
                "destination_address_prefix": "*",
                "destination_address_prefixes": [],
                "destination_application_security_group_ids": [],
                "destination_port_range": "*",
                "destination_port_ranges": [],
                "direction": "Inbound",
                "name": "udacity-deny-inbound-internet",
                "priority": 1002,
                "protocol": "*",
                "source_address_prefix": "*",
                "source_address_prefixes": [],
                "source_application_security_group_ids": [],
                "source_port_range": "*",
                "source_port_ranges": []
              }
            ],
            "tags": {
              "Name": "tagging-policy"
            },
            "timeouts": null
          },
          "sensitive_attributes": [],
          "private": "eyJlMmJmYjczMC1lY2FhLTExZTYtOGY4OC0zNDM2M2JjN2M0YzAiOnsiY3JlYXRlIjoxODAwMDAwMDAwMDAwLCJkZWxldGUiOjE4MDAwMDAwMDAwMDAsInJlYWQiOjMwMDAwMDAwMDAwMCwidXBkYXRlIjoxODAwMDAwMDAwMDAwfX0="
        }
      ]
    },
    {
      "mode": "managed",
      "type": "azurerm_public_ip",
      "name": "main",
      "provider": "provider[\"registry.terraform.io/hashicorp/azurerm\"]",
      "instances": [
        {
          "schema_version": 0,
          "attributes": {
            "allocation_method": "Static",
            "ddos_protection_mode": "VirtualNetworkInherited",
            "ddos_protection_plan_id": null,
            "domain_name_label": null,
            "edge_zone": "",
            "fqdn": null,
            "id": "/subscriptions/0a18c62f-d3bc-43d1-8baf-18c6dbdb4e2a/resourceGroups/Azuredevops/providers/Microsoft.Network/publicIPAddresses/udacity-public-ip",
            "idle_timeout_in_minutes": 4,
            "ip_address": "20.28.181.10",
            "ip_tags": null,
            "ip_version": "IPv4",
            "location": "australiaeast",
            "name": "udacity-public-ip",
            "public_ip_prefix_id": null,
            "resource_group_name": "Azuredevops",
            "reverse_fqdn": null,
            "sku": "Basic",
            "sku_tier": "Regional",
            "tags": {
              "Name": "tagging-policy"
            },
            "timeouts": null,
            "zones": null
          },
          "sensitive_attributes": [],
          "private": "eyJlMmJmYjczMC1lY2FhLTExZTYtOGY4OC0zNDM2M2JjN2M0YzAiOnsiY3JlYXRlIjoxODAwMDAwMDAwMDAwLCJkZWxldGUiOjE4MDAwMDAwMDAwMDAsInJlYWQiOjMwMDAwMDAwMDAwMCwidXBkYXRlIjoxODAwMDAwMDAwMDAwfX0="
        }
      ]
    },
    {
      "mode": "managed",
      "type": "azurerm_subnet",
      "name": "main",
      "provider": "provider[\"registry.terraform.io/hashicorp/azurerm\"]",
      "instances": [
        {
          "schema_version": 0,
          "attributes": {
            "address_prefixes": [
              "10.0.2.0/24"
            ],
            "delegation": [],
            "enforce_private_link_endpoint_network_policies": false,
            "enforce_private_link_service_network_policies": false,
            "id": "/subscriptions/0a18c62f-d3bc-43d1-8baf-18c6dbdb4e2a/resourceGroups/Azuredevops/providers/Microsoft.Network/virtualNetworks/udacity-network/subnets/udacity-subnet",
            "name": "udacity-subnet",
            "private_endpoint_network_policies_enabled": true,
            "private_link_service_network_policies_enabled": true,
            "resource_group_name": "Azuredevops",
            "service_endpoint_policy_ids": null,
            "service_endpoints": null,
            "timeouts": null,
            "virtual_network_name": "udacity-network"
          },
          "sensitive_attributes": [],
          "private": "eyJlMmJmYjczMC1lY2FhLTExZTYtOGY4OC0zNDM2M2JjN2M0YzAiOnsiY3JlYXRlIjoxODAwMDAwMDAwMDAwLCJkZWxldGUiOjE4MDAwMDAwMDAwMDAsInJlYWQiOjMwMDAwMDAwMDAwMCwidXBkYXRlIjoxODAwMDAwMDAwMDAwfX0=",
          "dependencies": [
            "azurerm_virtual_network.main"
          ]
        }
      ]
    },
    {
      "mode": "managed",
      "type": "azurerm_subnet_network_security_group_association",
      "name": "main",
      "provider": "provider[\"registry.terraform.io/hashicorp/azurerm\"]",
      "instances": [
        {
          "schema_version": 0,
          "attributes": {
            "id": "/subscriptions/0a18c62f-d3bc-43d1-8baf-18c6dbdb4e2a/resourceGroups/Azuredevops/providers/Microsoft.Network/virtualNetworks/udacity-network/subnets/udacity-subnet",
            "network_security_group_id": "/subscriptions/0a18c62f-d3bc-43d1-8baf-18c6dbdb4e2a/resourceGroups/Azuredevops/providers/Microsoft.Network/networkSecurityGroups/udacity-security-group",
            "subnet_id": "/subscriptions/0a18c62f-d3bc-43d1-8baf-18c6dbdb4e2a/resourceGroups/Azuredevops/providers/Microsoft.Network/virtualNetworks/udacity-network/subnets/udacity-subnet",
            "timeouts": null
          },
          "sensitive_attributes": [],
          "private": "eyJlMmJmYjczMC1lY2FhLTExZTYtOGY4OC0zNDM2M2JjN2M0YzAiOnsiY3JlYXRlIjoxODAwMDAwMDAwMDAwLCJkZWxldGUiOjE4MDAwMDAwMDAwMDAsInJlYWQiOjMwMDAwMDAwMDAwMCwidXBkYXRlIjoxODAwMDAwMDAwMDAwfX0=",
          "dependencies": [
            "azurerm_network_security_group.main",
            "azurerm_subnet.main",
            "azurerm_virtual_network.main"
          ]
        }
      ]
    },
    {
      "mode": "managed",
      "type": "azurerm_virtual_network",
      "name": "main",
      "provider": "provider[\"registry.terraform.io/hashicorp/azurerm\"]",
      "instances": [
        {
          "schema_version": 0,
          "attributes": {
            "address_space": [
              "10.0.0.0/22"
            ],
            "bgp_community": "",
            "ddos_protection_plan": [],
            "dns_servers": [],
            "edge_zone": "",
            "flow_timeout_in_minutes": 0,
            "guid": "e2f3bc31-b836-494b-940e-bec1381686b8",
            "id": "/subscriptions/0a18c62f-d3bc-43d1-8baf-18c6dbdb4e2a/resourceGroups/Azuredevops/providers/Microsoft.Network/virtualNetworks/udacity-network",
            "location": "australiaeast",
            "name": "udacity-network",
            "resource_group_name": "Azuredevops",
            "subnet": [],
            "tags": {
              "Name": "tagging-policy"
            },
            "timeouts": null
          },
          "sensitive_attributes": [],
          "private": "eyJlMmJmYjczMC1lY2FhLTExZTYtOGY4OC0zNDM2M2JjN2M0YzAiOnsiY3JlYXRlIjoxODAwMDAwMDAwMDAwLCJkZWxldGUiOjE4MDAwMDAwMDAwMDAsInJlYWQiOjMwMDAwMDAwMDAwMCwidXBkYXRlIjoxODAwMDAwMDAwMDAwfX0="
        }
      ]
    }
  ],
  "check_results": null
}
